
Microsoft Visual Studio Solution File, Format Version 12.00
# Visual Studio Version 16
VisualStudioVersion = 16.0.28922.388
MinimumVisualStudioVersion = 10.0.40219.1
Project("{FAE04EC0-301F-11D3-BF4B-00C04F79EFBC}") = "ToRead_DAL", "ToRead_DAL\ToRead_DAL.csproj", "{B0A76FAA-E962-405A-AD00-43AB32B4FB25}"
EndProject
Project("{FAE04EC0-301F-11D3-BF4B-00C04F79EFBC}") = "ToRead_DAL.Models", "ToRead_DAL.Models\ToRead_DAL.Models.csproj", "{E4BC260E-6A25-4F1B-BDC0-326C42BAAAF0}"
EndProject
Global
	GlobalSection(SolutionConfigurationPlatforms) = preSolution
		Debug|Any CPU = Debug|Any CPU
		Release|Any CPU = Release|Any CPU
	EndGlobalSection
	GlobalSection(ProjectConfigurationPlatforms) = postSolution
		{B0A76FAA-E962-405A-AD00-43AB32B4FB25}.Debug|Any CPU.ActiveCfg = Debug|Any CPU
		{B0A76FAA-E962-405A-AD00-43AB32B4FB25}.Debug|Any CPU.Build.0 = Debug|Any CPU
		{B0A76FAA-E962-405A-AD00-43AB32B4FB25}.Release|Any CPU.ActiveCfg = Release|Any CPU
		{B0A76FAA-E962-405A-AD00-43AB32B4FB25}.Release|Any CPU.Build.0 = Release|Any CPU
		{E4BC260E-6A25-4F1B-BDC0-326C42BAAAF0}.Debug|Any CPU.ActiveCfg = Debug|Any CPU
		{E4BC260E-6A25-4F1B-BDC0-326C42BAAAF0}.Debug|Any CPU.Build.0 = Debug|Any CPU
		{E4BC260E-6A25-4F1B-BDC0-326C42BAAAF0}.Release|Any CPU.ActiveCfg = Release|Any CPU
		{E4BC260E-6A25-4F1B-BDC0-326C42BAAAF0}.Release|Any CPU.Build.0 = Release|Any CPU
	EndGlobalSection
	GlobalSection(SolutionProperties) = preSolution
		HideSolutionNode = FALSE
	EndGlobalSection
	GlobalSection(ExtensibilityGlobals) = postSolution
		SolutionGuid = {029EF9F4-739A-4D94-8ACF-DE935966649F}
	EndGlobalSection
EndGlobal
