
Microsoft Visual Studio Solution File, Format Version 12.00
# Visual Studio Version 16
VisualStudioVersion = 16.0.28922.388
MinimumVisualStudioVersion = 10.0.40219.1
Project("{FAE04EC0-301F-11D3-BF4B-00C04F79EFBC}") = "AutoLotConsoleApp", "AutoLotConsoleApp\AutoLotConsoleApp.csproj", "{2651D05C-D1B6-4397-97A5-3F7E9EE4C0C3}"
EndProject
Global
	GlobalSection(SolutionConfigurationPlatforms) = preSolution
		Debug|Any CPU = Debug|Any CPU
		Release|Any CPU = Release|Any CPU
	EndGlobalSection
	GlobalSection(ProjectConfigurationPlatforms) = postSolution
		{2651D05C-D1B6-4397-97A5-3F7E9EE4C0C3}.Debug|Any CPU.ActiveCfg = Debug|Any CPU
		{2651D05C-D1B6-4397-97A5-3F7E9EE4C0C3}.Debug|Any CPU.Build.0 = Debug|Any CPU
		{2651D05C-D1B6-4397-97A5-3F7E9EE4C0C3}.Release|Any CPU.ActiveCfg = Release|Any CPU
		{2651D05C-D1B6-4397-97A5-3F7E9EE4C0C3}.Release|Any CPU.Build.0 = Release|Any CPU
	EndGlobalSection
	GlobalSection(SolutionProperties) = preSolution
		HideSolutionNode = FALSE
	EndGlobalSection
	GlobalSection(ExtensibilityGlobals) = postSolution
		SolutionGuid = {170ECFC2-236B-44E7-8F83-21C243BC807A}
	EndGlobalSection
EndGlobal
