
Microsoft Visual Studio Solution File, Format Version 12.00
# Visual Studio Version 16
VisualStudioVersion = 16.0.28922.388
MinimumVisualStudioVersion = 10.0.40219.1
Project("{FAE04EC0-301F-11D3-BF4B-00C04F79EFBC}") = "FunWithIO", "FunWithIO\FunWithIO.csproj", "{F5943D6F-013F-4BAF-A947-AC6CE8E9DBD9}"
EndProject
Global
	GlobalSection(SolutionConfigurationPlatforms) = preSolution
		Debug|Any CPU = Debug|Any CPU
		Release|Any CPU = Release|Any CPU
	EndGlobalSection
	GlobalSection(ProjectConfigurationPlatforms) = postSolution
		{F5943D6F-013F-4BAF-A947-AC6CE8E9DBD9}.Debug|Any CPU.ActiveCfg = Debug|Any CPU
		{F5943D6F-013F-4BAF-A947-AC6CE8E9DBD9}.Debug|Any CPU.Build.0 = Debug|Any CPU
		{F5943D6F-013F-4BAF-A947-AC6CE8E9DBD9}.Release|Any CPU.ActiveCfg = Release|Any CPU
		{F5943D6F-013F-4BAF-A947-AC6CE8E9DBD9}.Release|Any CPU.Build.0 = Release|Any CPU
	EndGlobalSection
	GlobalSection(SolutionProperties) = preSolution
		HideSolutionNode = FALSE
	EndGlobalSection
	GlobalSection(ExtensibilityGlobals) = postSolution
		SolutionGuid = {B40C08FE-686F-4A70-8FC2-B16D50BA6977}
	EndGlobalSection
EndGlobal
